
Microsoft Visual Studio Solution File, Format Version 12.00
# Visual Studio Version 17
VisualStudioVersion = 17.14.36804.6
MinimumVisualStudioVersion = 10.0.40219.1
Project("{FAE04EC0-301F-11D3-BF4B-00C04F79EFBC}") = "PatientAppointmentBooking", "PatientAppointmentBooking\PatientAppointmentBooking.csproj", "{ABD9A769-B8F8-4DC4-8605-8F48AD25E860}"
EndProject
Global
	GlobalSection(SolutionConfigurationPlatforms) = preSolution
		Debug|Any CPU = Debug|Any CPU
		Release|Any CPU = Release|Any CPU
	EndGlobalSection
	GlobalSection(ProjectConfigurationPlatforms) = postSolution
		{ABD9A769-B8F8-4DC4-8605-8F48AD25E860}.Debug|Any CPU.ActiveCfg = Debug|Any CPU
		{ABD9A769-B8F8-4DC4-8605-8F48AD25E860}.Debug|Any CPU.Build.0 = Debug|Any CPU
		{ABD9A769-B8F8-4DC4-8605-8F48AD25E860}.Release|Any CPU.ActiveCfg = Release|Any CPU
		{ABD9A769-B8F8-4DC4-8605-8F48AD25E860}.Release|Any CPU.Build.0 = Release|Any CPU
	EndGlobalSection
	GlobalSection(SolutionProperties) = preSolution
		HideSolutionNode = FALSE
	EndGlobalSection
	GlobalSection(ExtensibilityGlobals) = postSolution
		SolutionGuid = {8403E48E-1BFC-4773-B642-5DB39BEFC6CC}
	EndGlobalSection
EndGlobal
